// !$*UTF8*$!
{
	archiveVersion = 1;
	classes = {
	};
	objectVersion = 77;
	objects = {

/* Begin PBXBuildFile section */
		76A100012F6F100000D763BB /* Supabase in Frameworks */ = {isa = PBXBuildFile; productRef = 76A100032F6F100000D763BB /* Supabase */; };
/* End PBXBuildFile section */

/* Begin PBXContainerItemProxy section */
		761767F92F6EFB9C00D763BB /* PBXContainerItemProxy */ = {
			isa = PBXContainerItemProxy;
			containerPortal = 761767E32F6EFB9A00D763BB /* Project object */;
			proxyType = 1;
			remoteGlobalIDString = 761767EA2F6EFB9A00D763BB;
			remoteInfo = OGJewelryCapture;
		};
		761768032F6EFB9C00D763BB /* PBXContainerItemProxy */ = {
			isa = PBXContainerItemProxy;
			containerPortal = 761767E32F6EFB9A00D763BB /* Project object */;
			proxyType = 1;
			remoteGlobalIDString = 761767EA2F6EFB9A00D763BB;
			remoteInfo = OGJewelryCapture;
		};
/* End PBXContainerItemProxy section */

/* Begin PBXFileReference section */
		761767EB2F6EFB9A00D763BB /* OGJewelryCapture.app */ = {isa = PBXFileReference; explicitFileType = wrapper.application; includeInIndex = 0; path = OGJewelryCapture.app; sourceTree = BUILT_PRODUCTS_DIR; };
		761767F82F6EFB9C00D763BB /* OGJewelryCaptureTests.xctest */ = {isa = PBXFileReference; explicitFileType = wrapper.cfbundle; includeInIndex = 0; path = OGJewelryCaptureTests.xctest; sourceTree = BUILT_PRODUCTS_DIR; };
		761768022F6EFB9C00D763BB /* OGJewelryCaptureUITests.xctest */ = {isa = PBXFileReference; explicitFileType = wrapper.cfbundle; includeInIndex = 0; path = OGJewelryCaptureUITests.xctest; sourceTree = BUILT_PRODUCTS_DIR; };
/* End PBXFileReference section */

/* Begin PBXFileSystemSynchronizedRootGroup section */
		761767ED2F6EFB9A00D763BB /* OGJewelryCapture */ = {
			isa = PBXFileSystemSynchronizedRootGroup;
			path = OGJewelryCapture;
			sourceTree = "<group>";
		};
		761767FB2F6EFB9C00D763BB /* OGJewelryCaptureTests */ = {
			isa = PBXFileSystemSynchronizedRootGroup;
			path = OGJewelryCaptureTests;
			sourceTree = "<group>";
		};
		761768052F6EFB9C00D763BB /* OGJewelryCaptureUITests */ = {
			isa = PBXFileSystemSynchronizedRootGroup;
			path = OGJewelryCaptureUITests;
			sourceTree = "<group>";
		};
/* End PBXFileSystemSynchronizedRootGroup section */

/* Begin PBXFrameworksBuildPhase section */
		761767E82F6EFB9A00D763BB /* Frameworks */ = {
			isa = PBXFrameworksBuildPhase;
			buildActionMask = 2147483647;
			files = (
				76A100012F6F100000D763BB /* Supabase in Frameworks */,
			);
			runOnlyForDeploymentPostprocessing = 0;
		};
		761767F52F6EFB9C00D763BB /* Frameworks */ = {
			isa = PBXFrameworksBuildPhase;
			buildActionMask = 2147483647;
			files = (
			);
			runOnlyForDeploymentPostprocessing = 0;
		};
		761767FF2F6EFB9C00D763BB /* Frameworks */ = {
			isa = PBXFrameworksBuildPhase;
			buildActionMask = 2147483647;
			files = (
			);
			runOnlyForDeploymentPostprocessing = 0;
		};
/* End PBXFrameworksBuildPhase section */

/* Begin PBXGroup section */
		761767E22F6EFB9A00D763BB = {
			isa = PBXGroup;
			children = (
				761767ED2F6EFB9A00D763BB /* OGJewelryCapture */,
				761767FB2F6EFB9C00D763BB /* OGJewelryCaptureTests */,
				761768052F6EFB9C00D763BB /* OGJewelryCaptureUITests */,
				761767EC2F6EFB9A00D763BB /* Products */,
			);
			sourceTree = "<group>";
		};
		761767EC2F6EFB9A00D763BB /* Products */ = {
			isa = PBXGroup;
			children = (
				761767EB2F6EFB9A00D763BB /* OGJewelryCapture.app */,
				761767F82F6EFB9C00D763BB /* OGJewelryCaptureTests.xctest */,
				761768022F6EFB9C00D763BB /* OGJewelryCaptureUITests.xctest */,
			);
			name = Products;
			sourceTree = "<group>";
		};
/* End PBXGroup section */

/* Begin PBXNativeTarget section */
		761767EA2F6EFB9A00D763BB /* OGJewelryCapture */ = {
			isa = PBXNativeTarget;
			buildConfigurationList = 7617680C2F6EFB9C00D763BB /* Build configuration list for PBXNativeTarget "OGJewelryCapture" */;
			buildPhases = (
				761767E72F6EFB9A00D763BB /* Sources */,
				761767E82F6EFB9A00D763BB /* Frameworks */,
				761767E92F6EFB9A00D763BB /* Resources */,
			);
			buildRules = (
			);
			dependencies = (
			);
			fileSystemSynchronizedGroups = (
				761767ED2F6EFB9A00D763BB /* OGJewelryCapture */,
			);
			name = OGJewelryCapture;
			packageProductDependencies = (
				76A100032F6F100000D763BB /* Supabase */,
			);
			productName = OGJewelryCapture;
			productReference = 761767EB2F6EFB9A00D763BB /* OGJewelryCapture.app */;
			productType = "com.apple.product-type.application";
		};
		761767F72F6EFB9C00D763BB /* OGJewelryCaptureTests */ = {
			isa = PBXNativeTarget;
			buildConfigurationList = 7617680F2F6EFB9C00D763BB /* Build configuration list for PBXNativeTarget "OGJewelryCaptureTests" */;
			buildPhases = (
				761767F42F6EFB9C00D763BB /* Sources */,
				761767F52F6EFB9C00D763BB /* Frameworks */,
				761767F62F6EFB9C00D763BB /* Resources */,
			);
			buildRules = (
			);
			dependencies = (
				761767FA2F6EFB9C00D763BB /* PBXTargetDependency */,
			);
			fileSystemSynchronizedGroups = (
				761767FB2F6EFB9C00D763BB /* OGJewelryCaptureTests */,
			);
			name = OGJewelryCaptureTests;
			packageProductDependencies = (
			);
			productName = OGJewelryCaptureTests;
			productReference = 761767F82F6EFB9C00D763BB /* OGJewelryCaptureTests.xctest */;
			productType = "com.apple.product-type.bundle.unit-test";
		};
		761768012F6EFB9C00D763BB /* OGJewelryCaptureUITests */ = {
			isa = PBXNativeTarget;
			buildConfigurationList = 761768122F6EFB9C00D763BB /* Build configuration list for PBXNativeTarget "OGJewelryCaptureUITests" */;
			buildPhases = (
				761767FE2F6EFB9C00D763BB /* Sources */,
				761767FF2F6EFB9C00D763BB /* Frameworks */,
				761768002F6EFB9C00D763BB /* Resources */,
			);
			buildRules = (
			);
			dependencies = (
				761768042F6EFB9C00D763BB /* PBXTargetDependency */,
			);
			fileSystemSynchronizedGroups = (
				761768052F6EFB9C00D763BB /* OGJewelryCaptureUITests */,
			);
			name = OGJewelryCaptureUITests;
			packageProductDependencies = (
			);
			productName = OGJewelryCaptureUITests;
			productReference = 761768022F6EFB9C00D763BB /* OGJewelryCaptureUITests.xctest */;
			productType = "com.apple.product-type.bundle.ui-testing";
		};
/* End PBXNativeTarget section */

/* Begin PBXProject section */
		761767E32F6EFB9A00D763BB /* Project object */ = {
			isa = PBXProject;
			attributes = {
				BuildIndependentTargetsInParallel = 1;
				LastSwiftUpdateCheck = 2630;
				LastUpgradeCheck = 2630;
				TargetAttributes = {
					761767EA2F6EFB9A00D763BB = {
						CreatedOnToolsVersion = 26.3;
					};
					761767F72F6EFB9C00D763BB = {
						CreatedOnToolsVersion = 26.3;
						TestTargetID = 761767EA2F6EFB9A00D763BB;
					};
					761768012F6EFB9C00D763BB = {
						CreatedOnToolsVersion = 26.3;
						TestTargetID = 761767EA2F6EFB9A00D763BB;
					};
				};
			};
			buildConfigurationList = 761767E62F6EFB9A00D763BB /* Build configuration list for PBXProject "OGJewelryCapture" */;
			developmentRegion = en;
			hasScannedForEncodings = 0;
			knownRegions = (
				en,
				Base,
			);
			mainGroup = 761767E22F6EFB9A00D763BB;
			minimizedProjectReferenceProxies = 1;
			packageReferences = (
				76A100022F6F100000D763BB /* XCRemoteSwiftPackageReference "supabase-swift" */,
			);
			preferredProjectObjectVersion = 77;
			productRefGroup = 761767EC2F6EFB9A00D763BB /* Products */;
			projectDirPath = "";
			projectRoot = "";
			targets = (
				761767EA2F6EFB9A00D763BB /* OGJewelryCapture */,
				761767F72F6EFB9C00D763BB /* OGJewelryCaptureTests */,
				761768012F6EFB9C00D763BB /* OGJewelryCaptureUITests */,
			);
		};
/* End PBXProject section */

/* Begin PBXResourcesBuildPhase section */
		761767E92F6EFB9A00D763BB /* Resources */ = {
			isa = PBXResourcesBuildPhase;
			buildActionMask = 2147483647;
			files = (
			);
			runOnlyForDeploymentPostprocessing = 0;
		};
		761767F62F6EFB9C00D763BB /* Resources */ = {
			isa = PBXResourcesBuildPhase;
			buildActionMask = 2147483647;
			files = (
			);
			runOnlyForDeploymentPostprocessing = 0;
		};
		761768002F6EFB9C00D763BB /* Resources */ = {
			isa = PBXResourcesBuildPhase;
			buildActionMask = 2147483647;
			files = (
			);
			runOnlyForDeploymentPostprocessing = 0;
		};
/* End PBXResourcesBuildPhase section */

/* Begin PBXSourcesBuildPhase section */
		761767E72F6EFB9A00D763BB /* Sources */ = {
			isa = PBXSourcesBuildPhase;
			buildActionMask = 2147483647;
			files = (
			);
			runOnlyForDeploymentPostprocessing = 0;
		};
		761767F42F6EFB9C00D763BB /* Sources */ = {
			isa = PBXSourcesBuildPhase;
			buildActionMask = 2147483647;
			files = (
			);
			runOnlyForDeploymentPostprocessing = 0;
		};
		761767FE2F6EFB9C00D763BB /* Sources */ = {
			isa = PBXSourcesBuildPhase;
			buildActionMask = 2147483647;
			files = (
			);
			runOnlyForDeploymentPostprocessing = 0;
		};
/* End PBXSourcesBuildPhase section */

/* Begin PBXTargetDependency section */
		761767FA2F6EFB9C00D763BB /* PBXTargetDependency */ = {
			isa = PBXTargetDependency;
			target = 761767EA2F6EFB9A00D763BB /* OGJewelryCapture */;
			targetProxy = 761767F92F6EFB9C00D763BB /* PBXContainerItemProxy */;
		};
		761768042F6EFB9C00D763BB /* PBXTargetDependency */ = {
			isa = PBXTargetDependency;
			target = 761767EA2F6EFB9A00D763BB /* OGJewelryCapture */;
			targetProxy = 761768032F6EFB9C00D763BB /* PBXContainerItemProxy */;
		};
/* End PBXTargetDependency section */

/* Begin XCBuildConfiguration section */
		7617680A2F6EFB9C00D763BB /* Debug */ = {
			isa = XCBuildConfiguration;
			buildSettings = {
				ALWAYS_SEARCH_USER_PATHS = NO;
				ASSETCATALOG_COMPILER_GENERATE_SWIFT_ASSET_SYMBOL_EXTENSIONS = YES;
				CLANG_ANALYZER_NONNULL = YES;
				CLANG_ANALYZER_NUMBER_OBJECT_CONVERSION = YES_AGGRESSIVE;
				CLANG_CXX_LANGUAGE_STANDARD = "gnu++20";
				CLANG_ENABLE_MODULES = YES;
				CLANG_ENABLE_OBJC_ARC = YES;
				CLANG_ENABLE_OBJC_WEAK = YES;
				CLANG_WARN_BLOCK_CAPTURE_AUTORELEASING = YES;
				CLANG_WARN_BOOL_CONVERSION = YES;
				CLANG_WARN_COMMA = YES;
				CLANG_WARN_CONSTANT_CONVERSION = YES;
				CLANG_WARN_DEPRECATED_OBJC_IMPLEMENTATIONS = YES;
				CLANG_WARN_DIRECT_OBJC_ISA_USAGE = YES_ERROR;
				CLANG_WARN_DOCUMENTATION_COMMENTS = YES;
				CLANG_WARN_EMPTY_BODY = YES;
				CLANG_WARN_ENUM_CONVERSION = YES;
				CLANG_WARN_INFINITE_RECURSION = YES;
				CLANG_WARN_INT_CONVERSION = YES;
				CLANG_WARN_NON_LITERAL_NULL_CONVERSION = YES;
				CLANG_WARN_OBJC_IMPLICIT_RETAIN_SELF = YES;
				CLANG_WARN_OBJC_LITERAL_CONVERSION = YES;
				CLANG_WARN_OBJC_ROOT_CLASS = YES_ERROR;
				CLANG_WARN_QUOTED_INCLUDE_IN_FRAMEWORK_HEADER = YES;
				CLANG_WARN_RANGE_LOOP_ANALYSIS = YES;
				CLANG_WARN_STRICT_PROTOTYPES = YES;
				CLANG_WARN_SUSPICIOUS_MOVE = YES;
				CLANG_WARN_UNGUARDED_AVAILABILITY = YES_AGGRESSIVE;
				CLANG_WARN_UNREACHABLE_CODE = YES;
				CLANG_WARN__DUPLICATE_METHOD_MATCH = YES;
				COPY_PHASE_STRIP = NO;
				DEBUG_INFORMATION_FORMAT = dwarf;
				DEVELOPMENT_TEAM = W62ZT2S75A;
				ENABLE_STRICT_OBJC_MSGSEND = YES;
				ENABLE_TESTABILITY = YES;
				ENABLE_USER_SCRIPT_SANDBOXING = YES;
				GCC_C_LANGUAGE_STANDARD = gnu17;
				GCC_DYNAMIC_NO_PIC = NO;
				GCC_NO_COMMON_BLOCKS = YES;
				GCC_OPTIMIZATION_LEVEL = 0;
				GCC_PREPROCESSOR_DEFINITIONS = (
					"DEBUG=1",
					"$(inherited)",
				);
				GCC_WARN_64_TO_32_BIT_CONVERSION = YES;
				GCC_WARN_ABOUT_RETURN_TYPE = YES_ERROR;
				GCC_WARN_UNDECLARED_SELECTOR = YES;
				GCC_WARN_UNINITIALIZED_AUTOS = YES_AGGRESSIVE;
				GCC_WARN_UNUSED_FUNCTION = YES;
				GCC_WARN_UNUSED_VARIABLE = YES;
				IPHONEOS_DEPLOYMENT_TARGET = 17.0;
				LOCALIZATION_PREFERS_STRING_CATALOGS = YES;
				MTL_ENABLE_DEBUG_INFO = INCLUDE_SOURCE;
				MTL_FAST_MATH = YES;
				ONLY_ACTIVE_ARCH = YES;
				SDKROOT = iphoneos;
				SWIFT_ACTIVE_COMPILATION_CONDITIONS = "DEBUG $(inherited)";
				SWIFT_OPTIMIZATION_LEVEL = "-Onone";
			};
			name = Debug;
		};
		7617680B2F6EFB9C00D763BB /* Release */ = {
			isa = XCBuildConfiguration;
			buildSettings = {
				ALWAYS_SEARCH_USER_PATHS = NO;
				ASSETCATALOG_COMPILER_GENERATE_SWIFT_ASSET_SYMBOL_EXTENSIONS = YES;
				CLANG_ANALYZER_NONNULL = YES;
				CLANG_ANALYZER_NUMBER_OBJECT_CONVERSION = YES_AGGRESSIVE;
				CLANG_CXX_LANGUAGE_STANDARD = "gnu++20";
				CLANG_ENABLE_MODULES = YES;
				CLANG_ENABLE_OBJC_ARC = YES;
				CLANG_ENABLE_OBJC_WEAK = YES;
				CLANG_WARN_BLOCK_CAPTURE_AUTORELEASING = YES;
				CLANG_WARN_BOOL_CONVERSION = YES;
				CLANG_WARN_COMMA = YES;
				CLANG_WARN_CONSTANT_CONVERSION = YES;
				CLANG_WARN_DEPRECATED_OBJC_IMPLEMENTATIONS = YES;
				CLANG_WARN_DIRECT_OBJC_ISA_USAGE = YES_ERROR;
				CLANG_WARN_DOCUMENTATION_COMMENTS = YES;
				CLANG_WARN_EMPTY_BODY = YES;
				CLANG_WARN_ENUM_CONVERSION = YES;
				CLANG_WARN_INFINITE_RECURSION = YES;
				CLANG_WARN_INT_CONVERSION = YES;
				CLANG_WARN_NON_LITERAL_NULL_CONVERSION = YES;
				CLANG_WARN_OBJC_IMPLICIT_RETAIN_SELF = YES;
				CLANG_WARN_OBJC_LITERAL_CONVERSION = YES;
				CLANG_WARN_OBJC_ROOT_CLASS = YES_ERROR;
				CLANG_WARN_QUOTED_INCLUDE_IN_FRAMEWORK_HEADER = YES;
				CLANG_WARN_RANGE_LOOP_ANALYSIS = YES;
				CLANG_WARN_STRICT_PROTOTYPES = YES;
				CLANG_WARN_SUSPICIOUS_MOVE = YES;
				CLANG_WARN_UNGUARDED_AVAILABILITY = YES_AGGRESSIVE;
				CLANG_WARN_UNREACHABLE_CODE = YES;
				CLANG_WARN__DUPLICATE_METHOD_MATCH = YES;
				COPY_PHASE_STRIP = NO;
				DEBUG_INFORMATION_FORMAT = "dwarf-with-dsym";
				DEVELOPMENT_TEAM = W62ZT2S75A;
				ENABLE_NS_ASSERTIONS = NO;
				ENABLE_STRICT_OBJC_MSGSEND = YES;
				ENABLE_USER_SCRIPT_SANDBOXING = YES;
				GCC_C_LANGUAGE_STANDARD = gnu17;
				GCC_NO_COMMON_BLOCKS = YES;
				GCC_WARN_64_TO_32_BIT_CONVERSION = YES;
				GCC_WARN_ABOUT_RETURN_TYPE = YES_ERROR;
				GCC_WARN_UNDECLARED_SELECTOR = YES;
				GCC_WARN_UNINITIALIZED_AUTOS = YES_AGGRESSIVE;
				GCC_WARN_UNUSED_FUNCTION = YES;
				GCC_WARN_UNUSED_VARIABLE = YES;
				IPHONEOS_DEPLOYMENT_TARGET = 17.0;
				LOCALIZATION_PREFERS_STRING_CATALOGS = YES;
				MTL_ENABLE_DEBUG_INFO = NO;
				MTL_FAST_MATH = YES;
				SDKROOT = iphoneos;
				SWIFT_COMPILATION_MODE = wholemodule;
				VALIDATE_PRODUCT = YES;
			};
			name = Release;
		};
		7617680D2F6EFB9C00D763BB /* Debug */ = {
			isa = XCBuildConfiguration;
			buildSettings = {
				ASSETCATALOG_COMPILER_APPICON_NAME = AppIcon;
				ASSETCATALOG_COMPILER_GLOBAL_ACCENT_COLOR_NAME = AccentColor;
				CODE_SIGN_STYLE = Automatic;
				CURRENT_PROJECT_VERSION = 2;
				DEVELOPMENT_TEAM = W62ZT2S75A;
				ENABLE_PREVIEWS = YES;
				GENERATE_INFOPLIST_FILE = YES;
				INFOPLIST_KEY_NSCameraUsageDescription = "OG Capture needs camera access to photograph intake items for assigned capture jobs.";
				INFOPLIST_KEY_UIApplicationSceneManifest_Generation = YES;
				INFOPLIST_KEY_UIApplicationSupportsIndirectInputEvents = YES;
				INFOPLIST_KEY_UILaunchScreen_Generation = YES;
				INFOPLIST_KEY_UISupportedInterfaceOrientations_iPhone = UIInterfaceOrientationPortrait;
				LD_RUNPATH_SEARCH_PATHS = (
					"$(inherited)",
					"@executable_path/Frameworks",
				);
				MARKETING_VERSION = 1.0;
				PRODUCT_BUNDLE_IDENTIFIER = com.ogjewelrycapture.OGJewelryCapture;
				PRODUCT_NAME = "$(TARGET_NAME)";
				STRING_CATALOG_GENERATE_SYMBOLS = YES;
				SWIFT_APPROACHABLE_CONCURRENCY = YES;
				SWIFT_DEFAULT_ACTOR_ISOLATION = MainActor;
				SWIFT_EMIT_LOC_STRINGS = YES;
				SWIFT_UPCOMING_FEATURE_MEMBER_IMPORT_VISIBILITY = YES;
				SWIFT_VERSION = 5.0;
				TARGETED_DEVICE_FAMILY = 1;
			};
			name = Debug;
		};
		7617680E2F6EFB9C00D763BB /* Release */ = {
			isa = XCBuildConfiguration;
			buildSettings = {
				ASSETCATALOG_COMPILER_APPICON_NAME = AppIcon;
				ASSETCATALOG_COMPILER_GLOBAL_ACCENT_COLOR_NAME = AccentColor;
				CODE_SIGN_STYLE = Automatic;
				CURRENT_PROJECT_VERSION = 2;
				DEVELOPMENT_TEAM = W62ZT2S75A;
				ENABLE_PREVIEWS = YES;
				GENERATE_INFOPLIST_FILE = YES;
				INFOPLIST_KEY_NSCameraUsageDescription = "OG Capture needs camera access to photograph intake items for assigned capture jobs.";
				INFOPLIST_KEY_UIApplicationSceneManifest_Generation = YES;
				INFOPLIST_KEY_UIApplicationSupportsIndirectInputEvents = YES;
				INFOPLIST_KEY_UILaunchScreen_Generation = YES;
				INFOPLIST_KEY_UISupportedInterfaceOrientations_iPhone = UIInterfaceOrientationPortrait;
				LD_RUNPATH_SEARCH_PATHS = (
					"$(inherited)",
					"@executable_path/Frameworks",
				);
				MARKETING_VERSION = 1.0;
				PRODUCT_BUNDLE_IDENTIFIER = com.ogjewelrycapture.OGJewelryCapture;
				PRODUCT_NAME = "$(TARGET_NAME)";
				STRING_CATALOG_GENERATE_SYMBOLS = YES;
				SWIFT_APPROACHABLE_CONCURRENCY = YES;
				SWIFT_DEFAULT_ACTOR_ISOLATION = MainActor;
				SWIFT_EMIT_LOC_STRINGS = YES;
				SWIFT_UPCOMING_FEATURE_MEMBER_IMPORT_VISIBILITY = YES;
				SWIFT_VERSION = 5.0;
				TARGETED_DEVICE_FAMILY = 1;
			};
			name = Release;
		};
		761768102F6EFB9C00D763BB /* Debug */ = {
			isa = XCBuildConfiguration;
			buildSettings = {
				BUNDLE_LOADER = "$(TEST_HOST)";
				CODE_SIGN_STYLE = Automatic;
				CURRENT_PROJECT_VERSION = 1;
				DEVELOPMENT_TEAM = W62ZT2S75A;
				GENERATE_INFOPLIST_FILE = YES;
				IPHONEOS_DEPLOYMENT_TARGET = 17.0;
				MARKETING_VERSION = 1.0;
				PRODUCT_BUNDLE_IDENTIFIER = com.ogjewelrycapture.OGJewelryCaptureTests;
				PRODUCT_NAME = "$(TARGET_NAME)";
				STRING_CATALOG_GENERATE_SYMBOLS = NO;
				SWIFT_APPROACHABLE_CONCURRENCY = YES;
				SWIFT_EMIT_LOC_STRINGS = NO;
				SWIFT_UPCOMING_FEATURE_MEMBER_IMPORT_VISIBILITY = YES;
				SWIFT_VERSION = 5.0;
				TARGETED_DEVICE_FAMILY = 1;
				TEST_HOST = "$(BUILT_PRODUCTS_DIR)/OGJewelryCapture.app/$(BUNDLE_EXECUTABLE_FOLDER_PATH)/OGJewelryCapture";
			};
			name = Debug;
		};
		761768112F6EFB9C00D763BB /* Release */ = {
			isa = XCBuildConfiguration;
			buildSettings = {
				BUNDLE_LOADER = "$(TEST_HOST)";
				CODE_SIGN_STYLE = Automatic;
				CURRENT_PROJECT_VERSION = 1;
				DEVELOPMENT_TEAM = W62ZT2S75A;
				GENERATE_INFOPLIST_FILE = YES;
				IPHONEOS_DEPLOYMENT_TARGET = 17.0;
				MARKETING_VERSION = 1.0;
				PRODUCT_BUNDLE_IDENTIFIER = com.ogjewelrycapture.OGJewelryCaptureTests;
				PRODUCT_NAME = "$(TARGET_NAME)";
				STRING_CATALOG_GENERATE_SYMBOLS = NO;
				SWIFT_APPROACHABLE_CONCURRENCY = YES;
				SWIFT_EMIT_LOC_STRINGS = NO;
				SWIFT_UPCOMING_FEATURE_MEMBER_IMPORT_VISIBILITY = YES;
				SWIFT_VERSION = 5.0;
				TARGETED_DEVICE_FAMILY = 1;
				TEST_HOST = "$(BUILT_PRODUCTS_DIR)/OGJewelryCapture.app/$(BUNDLE_EXECUTABLE_FOLDER_PATH)/OGJewelryCapture";
			};
			name = Release;
		};
		761768132F6EFB9C00D763BB /* Debug */ = {
			isa = XCBuildConfiguration;
			buildSettings = {
				CODE_SIGN_STYLE = Automatic;
				CURRENT_PROJECT_VERSION = 1;
				DEVELOPMENT_TEAM = W62ZT2S75A;
				GENERATE_INFOPLIST_FILE = YES;
				MARKETING_VERSION = 1.0;
				PRODUCT_BUNDLE_IDENTIFIER = com.ogjewelrycapture.OGJewelryCaptureUITests;
				PRODUCT_NAME = "$(TARGET_NAME)";
				STRING_CATALOG_GENERATE_SYMBOLS = NO;
				SWIFT_APPROACHABLE_CONCURRENCY = YES;
				SWIFT_EMIT_LOC_STRINGS = NO;
				SWIFT_UPCOMING_FEATURE_MEMBER_IMPORT_VISIBILITY = YES;
				SWIFT_VERSION = 5.0;
				TARGETED_DEVICE_FAMILY = 1;
				TEST_TARGET_NAME = OGJewelryCapture;
			};
			name = Debug;
		};
		761768142F6EFB9C00D763BB /* Release */ = {
			isa = XCBuildConfiguration;
			buildSettings = {
				CODE_SIGN_STYLE = Automatic;
				CURRENT_PROJECT_VERSION = 1;
				DEVELOPMENT_TEAM = W62ZT2S75A;
				GENERATE_INFOPLIST_FILE = YES;
				MARKETING_VERSION = 1.0;
				PRODUCT_BUNDLE_IDENTIFIER = com.ogjewelrycapture.OGJewelryCaptureUITests;
				PRODUCT_NAME = "$(TARGET_NAME)";
				STRING_CATALOG_GENERATE_SYMBOLS = NO;
				SWIFT_APPROACHABLE_CONCURRENCY = YES;
				SWIFT_EMIT_LOC_STRINGS = NO;
				SWIFT_UPCOMING_FEATURE_MEMBER_IMPORT_VISIBILITY = YES;
				SWIFT_VERSION = 5.0;
				TARGETED_DEVICE_FAMILY = 1;
				TEST_TARGET_NAME = OGJewelryCapture;
			};
			name = Release;
		};
/* End XCBuildConfiguration section */

/* Begin XCConfigurationList section */
		761767E62F6EFB9A00D763BB /* Build configuration list for PBXProject "OGJewelryCapture" */ = {
			isa = XCConfigurationList;
			buildConfigurations = (
				7617680A2F6EFB9C00D763BB /* Debug */,
				7617680B2F6EFB9C00D763BB /* Release */,
			);
			defaultConfigurationIsVisible = 0;
			defaultConfigurationName = Release;
		};
		7617680C2F6EFB9C00D763BB /* Build configuration list for PBXNativeTarget "OGJewelryCapture" */ = {
			isa = XCConfigurationList;
			buildConfigurations = (
				7617680D2F6EFB9C00D763BB /* Debug */,
				7617680E2F6EFB9C00D763BB /* Release */,
			);
			defaultConfigurationIsVisible = 0;
			defaultConfigurationName = Release;
		};
		7617680F2F6EFB9C00D763BB /* Build configuration list for PBXNativeTarget "OGJewelryCaptureTests" */ = {
			isa = XCConfigurationList;
			buildConfigurations = (
				761768102F6EFB9C00D763BB /* Debug */,
				761768112F6EFB9C00D763BB /* Release */,
			);
			defaultConfigurationIsVisible = 0;
			defaultConfigurationName = Release;
		};
		761768122F6EFB9C00D763BB /* Build configuration list for PBXNativeTarget "OGJewelryCaptureUITests" */ = {
			isa = XCConfigurationList;
			buildConfigurations = (
				761768132F6EFB9C00D763BB /* Debug */,
				761768142F6EFB9C00D763BB /* Release */,
			);
			defaultConfigurationIsVisible = 0;
			defaultConfigurationName = Release;
		};
/* End XCConfigurationList section */

/* Begin XCRemoteSwiftPackageReference section */
		76A100022F6F100000D763BB /* XCRemoteSwiftPackageReference "supabase-swift" */ = {
			isa = XCRemoteSwiftPackageReference;
			repositoryURL = "https://github.com/supabase/supabase-swift";
			requirement = {
				kind = upToNextMajorVersion;
				minimumVersion = 2.0.0;
			};
		};
/* End XCRemoteSwiftPackageReference section */

/* Begin XCSwiftPackageProductDependency section */
		76A100032F6F100000D763BB /* Supabase */ = {
			isa = XCSwiftPackageProductDependency;
			package = 76A100022F6F100000D763BB /* XCRemoteSwiftPackageReference "supabase-swift" */;
			productName = Supabase;
		};
/* End XCSwiftPackageProductDependency section */
	};
	rootObject = 761767E32F6EFB9A00D763BB /* Project object */;
}
